
Microsoft Visual Studio Solution File, Format Version 12.00
# Visual Studio Version 17
VisualStudioVersion = 17.9.34728.123
MinimumVisualStudioVersion = 10.0.40219.1
Project("{FAE04EC0-301F-11D3-BF4B-00C04F79EFBC}") = "nap_payment_system", "nap_payment_system.csproj", "{9BE2F236-7070-44C7-9E63-87EC31C0D610}"
EndProject
Global
	GlobalSection(SolutionConfigurationPlatforms) = preSolution
		Debug|Any CPU = Debug|Any CPU
		Release|Any CPU = Release|Any CPU
	EndGlobalSection
	GlobalSection(ProjectConfigurationPlatforms) = postSolution
		{9BE2F236-7070-44C7-9E63-87EC31C0D610}.Debug|Any CPU.ActiveCfg = Debug|Any CPU
		{9BE2F236-7070-44C7-9E63-87EC31C0D610}.Debug|Any CPU.Build.0 = Debug|Any CPU
		{9BE2F236-7070-44C7-9E63-87EC31C0D610}.Release|Any CPU.ActiveCfg = Release|Any CPU
		{9BE2F236-7070-44C7-9E63-87EC31C0D610}.Release|Any CPU.Build.0 = Release|Any CPU
	EndGlobalSection
	GlobalSection(SolutionProperties) = preSolution
		HideSolutionNode = FALSE
	EndGlobalSection
	GlobalSection(ExtensibilityGlobals) = postSolution
		SolutionGuid = {F87A80B4-1D05-4474-A777-21F3E549368F}
	EndGlobalSection
EndGlobal
